// !$*UTF8*$!
{
	archiveVersion = 1;
	classes = {
	};
	objectVersion = 50;
	objects = {

/* Begin PBXBuildFile section */
		151FDCD17D3F1EABDB81B2F1 /* Pods_Rcwybtz.framework in Frameworks */ = {isa = PBXBuildFile; fileRef = A599DD55E11DB1EC02422A16 /* Pods_Rcwybtz.framework */; };
		AFA1EA8DACBA61E25A042036 /* Pods_RcwybtzTests.framework in Frameworks */ = {isa = PBXBuildFile; fileRef = EDDF9FC19E734F446AECF2C3 /* Pods_RcwybtzTests.framework */; };
		D922B6F123EA6D3F002A5769 /* PicCollectionViewController.swift in Sources */ = {isa = PBXBuildFile; fileRef = D922B6F023EA6D3F002A5769 /* PicCollectionViewController.swift */; };
		D922B6F323EA6DBF002A5769 /* PastRacesViewController.swift in Sources */ = {isa = PBXBuildFile; fileRef = D922B6F223EA6DBF002A5769 /* PastRacesViewController.swift */; };
		D93D8CB323DEA2B300E1476A /* AppDelegate.swift in Sources */ = {isa = PBXBuildFile; fileRef = D93D8CB223DEA2B300E1476A /* AppDelegate.swift */; };
		D93D8CB523DEA2B300E1476A /* ViewController.swift in Sources */ = {isa = PBXBuildFile; fileRef = D93D8CB423DEA2B300E1476A /* ViewController.swift */; };
		D93D8CB823DEA2B300E1476A /* Main.storyboard in Resources */ = {isa = PBXBuildFile; fileRef = D93D8CB623DEA2B300E1476A /* Main.storyboard */; };
		D93D8CBA23DEA2B400E1476A /* Assets.xcassets in Resources */ = {isa = PBXBuildFile; fileRef = D93D8CB923DEA2B400E1476A /* Assets.xcassets */; };
		D93D8CBD23DEA2B400E1476A /* LaunchScreen.storyboard in Resources */ = {isa = PBXBuildFile; fileRef = D93D8CBB23DEA2B400E1476A /* LaunchScreen.storyboard */; };
		D93D8CC823DEA2B500E1476A /* RcwybtzTests.swift in Sources */ = {isa = PBXBuildFile; fileRef = D93D8CC723DEA2B500E1476A /* RcwybtzTests.swift */; };
/* End PBXBuildFile section */

/* Begin PBXContainerItemProxy section */
		D93D8CC423DEA2B500E1476A /* PBXContainerItemProxy */ = {
			isa = PBXContainerItemProxy;
			containerPortal = D93D8CA723DEA2B300E1476A /* Project object */;
			proxyType = 1;
			remoteGlobalIDString = D93D8CAE23DEA2B300E1476A;
			remoteInfo = Rcwybtz;
		};
/* End PBXContainerItemProxy section */

/* Begin PBXFileReference section */
		85F0CA933703534BDA0A3CD5 /* Pods-Rcwybtz.debug.xcconfig */ = {isa = PBXFileReference; includeInIndex = 1; lastKnownFileType = text.xcconfig; name = "Pods-Rcwybtz.debug.xcconfig"; path = "Pods/Target Support Files/Pods-Rcwybtz/Pods-Rcwybtz.debug.xcconfig"; sourceTree = "<group>"; };
		A599DD55E11DB1EC02422A16 /* Pods_Rcwybtz.framework */ = {isa = PBXFileReference; explicitFileType = wrapper.framework; includeInIndex = 0; path = Pods_Rcwybtz.framework; sourceTree = BUILT_PRODUCTS_DIR; };
		B9EFC74D283B26AE73777D7B /* Pods-Rcwybtz.release.xcconfig */ = {isa = PBXFileReference; includeInIndex = 1; lastKnownFileType = text.xcconfig; name = "Pods-Rcwybtz.release.xcconfig"; path = "Pods/Target Support Files/Pods-Rcwybtz/Pods-Rcwybtz.release.xcconfig"; sourceTree = "<group>"; };
		C5D6727A47280E4EA0935A18 /* Pods-RcwybtzTests.debug.xcconfig */ = {isa = PBXFileReference; includeInIndex = 1; lastKnownFileType = text.xcconfig; name = "Pods-RcwybtzTests.debug.xcconfig"; path = "Pods/Target Support Files/Pods-RcwybtzTests/Pods-RcwybtzTests.debug.xcconfig"; sourceTree = "<group>"; };
		D922B6F023EA6D3F002A5769 /* PicCollectionViewController.swift */ = {isa = PBXFileReference; lastKnownFileType = sourcecode.swift; path = PicCollectionViewController.swift; sourceTree = "<group>"; };
		D922B6F223EA6DBF002A5769 /* PastRacesViewController.swift */ = {isa = PBXFileReference; lastKnownFileType = sourcecode.swift; path = PastRacesViewController.swift; sourceTree = "<group>"; };
		D93D8CAF23DEA2B300E1476A /* Rcwybtz.app */ = {isa = PBXFileReference; explicitFileType = wrapper.application; includeInIndex = 0; path = Rcwybtz.app; sourceTree = BUILT_PRODUCTS_DIR; };
		D93D8CB223DEA2B300E1476A /* AppDelegate.swift */ = {isa = PBXFileReference; lastKnownFileType = sourcecode.swift; path = AppDelegate.swift; sourceTree = "<group>"; };
		D93D8CB423DEA2B300E1476A /* ViewController.swift */ = {isa = PBXFileReference; lastKnownFileType = sourcecode.swift; path = ViewController.swift; sourceTree = "<group>"; };
		D93D8CB723DEA2B300E1476A /* Base */ = {isa = PBXFileReference; lastKnownFileType = file.storyboard; name = Base; path = Base.lproj/Main.storyboard; sourceTree = "<group>"; };
		D93D8CB923DEA2B400E1476A /* Assets.xcassets */ = {isa = PBXFileReference; lastKnownFileType = folder.assetcatalog; path = Assets.xcassets; sourceTree = "<group>"; };
		D93D8CBC23DEA2B400E1476A /* Base */ = {isa = PBXFileReference; lastKnownFileType = file.storyboard; name = Base; path = Base.lproj/LaunchScreen.storyboard; sourceTree = "<group>"; };
		D93D8CBE23DEA2B400E1476A /* Info.plist */ = {isa = PBXFileReference; lastKnownFileType = text.plist.xml; path = Info.plist; sourceTree = "<group>"; };
		D93D8CC323DEA2B500E1476A /* RcwybtzTests.xctest */ = {isa = PBXFileReference; explicitFileType = wrapper.cfbundle; includeInIndex = 0; path = RcwybtzTests.xctest; sourceTree = BUILT_PRODUCTS_DIR; };
		D93D8CC723DEA2B500E1476A /* RcwybtzTests.swift */ = {isa = PBXFileReference; lastKnownFileType = sourcecode.swift; path = RcwybtzTests.swift; sourceTree = "<group>"; };
		D93D8CC923DEA2B500E1476A /* Info.plist */ = {isa = PBXFileReference; lastKnownFileType = text.plist.xml; path = Info.plist; sourceTree = "<group>"; };
		EDDF9FC19E734F446AECF2C3 /* Pods_RcwybtzTests.framework */ = {isa = PBXFileReference; explicitFileType = wrapper.framework; includeInIndex = 0; path = Pods_RcwybtzTests.framework; sourceTree = BUILT_PRODUCTS_DIR; };
		F38335F08EAAA0F17F589AFE /* Pods-RcwybtzTests.release.xcconfig */ = {isa = PBXFileReference; includeInIndex = 1; lastKnownFileType = text.xcconfig; name = "Pods-RcwybtzTests.release.xcconfig"; path = "Pods/Target Support Files/Pods-RcwybtzTests/Pods-RcwybtzTests.release.xcconfig"; sourceTree = "<group>"; };
/* End PBXFileReference section */

/* Begin PBXFrameworksBuildPhase section */
		D93D8CAC23DEA2B300E1476A /* Frameworks */ = {
			isa = PBXFrameworksBuildPhase;
			buildActionMask = 2147483647;
			files = (
				151FDCD17D3F1EABDB81B2F1 /* Pods_Rcwybtz.framework in Frameworks */,
			);
			runOnlyForDeploymentPostprocessing = 0;
		};
		D93D8CC023DEA2B500E1476A /* Frameworks */ = {
			isa = PBXFrameworksBuildPhase;
			buildActionMask = 2147483647;
			files = (
				AFA1EA8DACBA61E25A042036 /* Pods_RcwybtzTests.framework in Frameworks */,
			);
			runOnlyForDeploymentPostprocessing = 0;
		};
/* End PBXFrameworksBuildPhase section */

/* Begin PBXGroup section */
		539D8466D3917AD807CD6BE8 /* Pods */ = {
			isa = PBXGroup;
			children = (
				85F0CA933703534BDA0A3CD5 /* Pods-Rcwybtz.debug.xcconfig */,
				B9EFC74D283B26AE73777D7B /* Pods-Rcwybtz.release.xcconfig */,
				C5D6727A47280E4EA0935A18 /* Pods-RcwybtzTests.debug.xcconfig */,
				F38335F08EAAA0F17F589AFE /* Pods-RcwybtzTests.release.xcconfig */,
			);
			name = Pods;
			sourceTree = "<group>";
		};
		AADA6EEAF5CEFFFF18A3D53E /* Frameworks */ = {
			isa = PBXGroup;
			children = (
				A599DD55E11DB1EC02422A16 /* Pods_Rcwybtz.framework */,
				EDDF9FC19E734F446AECF2C3 /* Pods_RcwybtzTests.framework */,
			);
			name = Frameworks;
			sourceTree = "<group>";
		};
		D93D8CA623DEA2B300E1476A = {
			isa = PBXGroup;
			children = (
				D93D8CB123DEA2B300E1476A /* Rcwybtz */,
				D93D8CC623DEA2B500E1476A /* RcwybtzTests */,
				D93D8CB023DEA2B300E1476A /* Products */,
				539D8466D3917AD807CD6BE8 /* Pods */,
				AADA6EEAF5CEFFFF18A3D53E /* Frameworks */,
			);
			sourceTree = "<group>";
		};
		D93D8CB023DEA2B300E1476A /* Products */ = {
			isa = PBXGroup;
			children = (
				D93D8CAF23DEA2B300E1476A /* Rcwybtz.app */,
				D93D8CC323DEA2B500E1476A /* RcwybtzTests.xctest */,
			);
			name = Products;
			sourceTree = "<group>";
		};
		D93D8CB123DEA2B300E1476A /* Rcwybtz */ = {
			isa = PBXGroup;
			children = (
				D93D8CB223DEA2B300E1476A /* AppDelegate.swift */,
				D93D8CB423DEA2B300E1476A /* ViewController.swift */,
				D93D8CB623DEA2B300E1476A /* Main.storyboard */,
				D922B6F023EA6D3F002A5769 /* PicCollectionViewController.swift */,
				D922B6F223EA6DBF002A5769 /* PastRacesViewController.swift */,
				D93D8CB923DEA2B400E1476A /* Assets.xcassets */,
				D93D8CBB23DEA2B400E1476A /* LaunchScreen.storyboard */,
				D93D8CBE23DEA2B400E1476A /* Info.plist */,
			);
			path = Rcwybtz;
			sourceTree = "<group>";
		};
		D93D8CC623DEA2B500E1476A /* RcwybtzTests */ = {
			isa = PBXGroup;
			children = (
				D93D8CC723DEA2B500E1476A /* RcwybtzTests.swift */,
				D93D8CC923DEA2B500E1476A /* Info.plist */,
			);
			path = RcwybtzTests;
			sourceTree = "<group>";
		};
/* End PBXGroup section */

/* Begin PBXNativeTarget section */
		D93D8CAE23DEA2B300E1476A /* Rcwybtz */ = {
			isa = PBXNativeTarget;
			buildConfigurationList = D93D8CCC23DEA2B500E1476A /* Build configuration list for PBXNativeTarget "Rcwybtz" */;
			buildPhases = (
				3A114B9D715E2AEF4E5012E0 /* [CP] Check Pods Manifest.lock */,
				D93D8CAB23DEA2B300E1476A /* Sources */,
				D93D8CAC23DEA2B300E1476A /* Frameworks */,
				D93D8CAD23DEA2B300E1476A /* Resources */,
				E9091D58120D6A6120EE2EE6 /* [CP] Embed Pods Frameworks */,
			);
			buildRules = (
			);
			dependencies = (
			);
			name = Rcwybtz;
			productName = Rcwybtz;
			productReference = D93D8CAF23DEA2B300E1476A /* Rcwybtz.app */;
			productType = "com.apple.product-type.application";
		};
		D93D8CC223DEA2B500E1476A /* RcwybtzTests */ = {
			isa = PBXNativeTarget;
			buildConfigurationList = D93D8CCF23DEA2B500E1476A /* Build configuration list for PBXNativeTarget "RcwybtzTests" */;
			buildPhases = (
				716A18C615C91D310432B6F8 /* [CP] Check Pods Manifest.lock */,
				D93D8CBF23DEA2B500E1476A /* Sources */,
				D93D8CC023DEA2B500E1476A /* Frameworks */,
				D93D8CC123DEA2B500E1476A /* Resources */,
			);
			buildRules = (
			);
			dependencies = (
				D93D8CC523DEA2B500E1476A /* PBXTargetDependency */,
			);
			name = RcwybtzTests;
			productName = RcwybtzTests;
			productReference = D93D8CC323DEA2B500E1476A /* RcwybtzTests.xctest */;
			productType = "com.apple.product-type.bundle.unit-test";
		};
/* End PBXNativeTarget section */

/* Begin PBXProject section */
		D93D8CA723DEA2B300E1476A /* Project object */ = {
			isa = PBXProject;
			attributes = {
				LastSwiftUpdateCheck = 1010;
				LastUpgradeCheck = 1010;
				ORGANIZATIONNAME = DiD;
				TargetAttributes = {
					D93D8CAE23DEA2B300E1476A = {
						CreatedOnToolsVersion = 10.1;
					};
					D93D8CC223DEA2B500E1476A = {
						CreatedOnToolsVersion = 10.1;
						TestTargetID = D93D8CAE23DEA2B300E1476A;
					};
				};
			};
			buildConfigurationList = D93D8CAA23DEA2B300E1476A /* Build configuration list for PBXProject "Rcwybtz" */;
			compatibilityVersion = "Xcode 9.3";
			developmentRegion = en;
			hasScannedForEncodings = 0;
			knownRegions = (
				en,
				Base,
			);
			mainGroup = D93D8CA623DEA2B300E1476A;
			productRefGroup = D93D8CB023DEA2B300E1476A /* Products */;
			projectDirPath = "";
			projectRoot = "";
			targets = (
				D93D8CAE23DEA2B300E1476A /* Rcwybtz */,
				D93D8CC223DEA2B500E1476A /* RcwybtzTests */,
			);
		};
/* End PBXProject section */

/* Begin PBXResourcesBuildPhase section */
		D93D8CAD23DEA2B300E1476A /* Resources */ = {
			isa = PBXResourcesBuildPhase;
			buildActionMask = 2147483647;
			files = (
				D93D8CBD23DEA2B400E1476A /* LaunchScreen.storyboard in Resources */,
				D93D8CBA23DEA2B400E1476A /* Assets.xcassets in Resources */,
				D93D8CB823DEA2B300E1476A /* Main.storyboard in Resources */,
			);
			runOnlyForDeploymentPostprocessing = 0;
		};
		D93D8CC123DEA2B500E1476A /* Resources */ = {
			isa = PBXResourcesBuildPhase;
			buildActionMask = 2147483647;
			files = (
			);
			runOnlyForDeploymentPostprocessing = 0;
		};
/* End PBXResourcesBuildPhase section */

/* Begin PBXShellScriptBuildPhase section */
		3A114B9D715E2AEF4E5012E0 /* [CP] Check Pods Manifest.lock */ = {
			isa = PBXShellScriptBuildPhase;
			buildActionMask = 2147483647;
			files = (
			);
			inputPaths = (
				"${PODS_PODFILE_DIR_PATH}/Podfile.lock",
				"${PODS_ROOT}/Manifest.lock",
			);
			name = "[CP] Check Pods Manifest.lock";
			outputPaths = (
				"$(DERIVED_FILE_DIR)/Pods-Rcwybtz-checkManifestLockResult.txt",
			);
			runOnlyForDeploymentPostprocessing = 0;
			shellPath = /bin/sh;
			shellScript = "diff \"${PODS_PODFILE_DIR_PATH}/Podfile.lock\" \"${PODS_ROOT}/Manifest.lock\" > /dev/null\nif [ $? != 0 ] ; then\n    # print error to STDERR\n    echo \"error: The sandbox is not in sync with the Podfile.lock. Run 'pod install' or update your CocoaPods installation.\" >&2\n    exit 1\nfi\n# This output is used by Xcode 'outputs' to avoid re-running this script phase.\necho \"SUCCESS\" > \"${SCRIPT_OUTPUT_FILE_0}\"\n";
			showEnvVarsInLog = 0;
		};
		716A18C615C91D310432B6F8 /* [CP] Check Pods Manifest.lock */ = {
			isa = PBXShellScriptBuildPhase;
			buildActionMask = 2147483647;
			files = (
			);
			inputPaths = (
				"${PODS_PODFILE_DIR_PATH}/Podfile.lock",
				"${PODS_ROOT}/Manifest.lock",
			);
			name = "[CP] Check Pods Manifest.lock";
			outputPaths = (
				"$(DERIVED_FILE_DIR)/Pods-RcwybtzTests-checkManifestLockResult.txt",
			);
			runOnlyForDeploymentPostprocessing = 0;
			shellPath = /bin/sh;
			shellScript = "diff \"${PODS_PODFILE_DIR_PATH}/Podfile.lock\" \"${PODS_ROOT}/Manifest.lock\" > /dev/null\nif [ $? != 0 ] ; then\n    # print error to STDERR\n    echo \"error: The sandbox is not in sync with the Podfile.lock. Run 'pod install' or update your CocoaPods installation.\" >&2\n    exit 1\nfi\n# This output is used by Xcode 'outputs' to avoid re-running this script phase.\necho \"SUCCESS\" > \"${SCRIPT_OUTPUT_FILE_0}\"\n";
			showEnvVarsInLog = 0;
		};
		E9091D58120D6A6120EE2EE6 /* [CP] Embed Pods Frameworks */ = {
			isa = PBXShellScriptBuildPhase;
			buildActionMask = 2147483647;
			files = (
			);
			inputPaths = (
				"${SRCROOT}/Pods/Target Support Files/Pods-Rcwybtz/Pods-Rcwybtz-frameworks.sh",
				"${BUILT_PRODUCTS_DIR}/SideMenu/SideMenu.framework",
			);
			name = "[CP] Embed Pods Frameworks";
			outputPaths = (
				"${TARGET_BUILD_DIR}/${FRAMEWORKS_FOLDER_PATH}/SideMenu.framework",
			);
			runOnlyForDeploymentPostprocessing = 0;
			shellPath = /bin/sh;
			shellScript = "\"${SRCROOT}/Pods/Target Support Files/Pods-Rcwybtz/Pods-Rcwybtz-frameworks.sh\"\n";
			showEnvVarsInLog = 0;
		};
/* End PBXShellScriptBuildPhase section */

/* Begin PBXSourcesBuildPhase section */
		D93D8CAB23DEA2B300E1476A /* Sources */ = {
			isa = PBXSourcesBuildPhase;
			buildActionMask = 2147483647;
			files = (
				D93D8CB523DEA2B300E1476A /* ViewController.swift in Sources */,
				D922B6F323EA6DBF002A5769 /* PastRacesViewController.swift in Sources */,
				D922B6F123EA6D3F002A5769 /* PicCollectionViewController.swift in Sources */,
				D93D8CB323DEA2B300E1476A /* AppDelegate.swift in Sources */,
			);
			runOnlyForDeploymentPostprocessing = 0;
		};
		D93D8CBF23DEA2B500E1476A /* Sources */ = {
			isa = PBXSourcesBuildPhase;
			buildActionMask = 2147483647;
			files = (
				D93D8CC823DEA2B500E1476A /* RcwybtzTests.swift in Sources */,
			);
			runOnlyForDeploymentPostprocessing = 0;
		};
/* End PBXSourcesBuildPhase section */

/* Begin PBXTargetDependency section */
		D93D8CC523DEA2B500E1476A /* PBXTargetDependency */ = {
			isa = PBXTargetDependency;
			target = D93D8CAE23DEA2B300E1476A /* Rcwybtz */;
			targetProxy = D93D8CC423DEA2B500E1476A /* PBXContainerItemProxy */;
		};
/* End PBXTargetDependency section */

/* Begin PBXVariantGroup section */
		D93D8CB623DEA2B300E1476A /* Main.storyboard */ = {
			isa = PBXVariantGroup;
			children = (
				D93D8CB723DEA2B300E1476A /* Base */,
			);
			name = Main.storyboard;
			sourceTree = "<group>";
		};
		D93D8CBB23DEA2B400E1476A /* LaunchScreen.storyboard */ = {
			isa = PBXVariantGroup;
			children = (
				D93D8CBC23DEA2B400E1476A /* Base */,
			);
			name = LaunchScreen.storyboard;
			sourceTree = "<group>";
		};
/* End PBXVariantGroup section */

/* Begin XCBuildConfiguration section */
		D93D8CCA23DEA2B500E1476A /* Debug */ = {
			isa = XCBuildConfiguration;
			buildSettings = {
				ALWAYS_SEARCH_USER_PATHS = NO;
				CLANG_ANALYZER_NONNULL = YES;
				CLANG_ANALYZER_NUMBER_OBJECT_CONVERSION = YES_AGGRESSIVE;
				CLANG_CXX_LANGUAGE_STANDARD = "gnu++14";
				CLANG_CXX_LIBRARY = "libc++";
				CLANG_ENABLE_MODULES = YES;
				CLANG_ENABLE_OBJC_ARC = YES;
				CLANG_ENABLE_OBJC_WEAK = YES;
				CLANG_WARN_BLOCK_CAPTURE_AUTORELEASING = YES;
				CLANG_WARN_BOOL_CONVERSION = YES;
				CLANG_WARN_COMMA = YES;
				CLANG_WARN_CONSTANT_CONVERSION = YES;
				CLANG_WARN_DEPRECATED_OBJC_IMPLEMENTATIONS = YES;
				CLANG_WARN_DIRECT_OBJC_ISA_USAGE = YES_ERROR;
				CLANG_WARN_DOCUMENTATION_COMMENTS = YES;
				CLANG_WARN_EMPTY_BODY = YES;
				CLANG_WARN_ENUM_CONVERSION = YES;
				CLANG_WARN_INFINITE_RECURSION = YES;
				CLANG_WARN_INT_CONVERSION = YES;
				CLANG_WARN_NON_LITERAL_NULL_CONVERSION = YES;
				CLANG_WARN_OBJC_IMPLICIT_RETAIN_SELF = YES;
				CLANG_WARN_OBJC_LITERAL_CONVERSION = YES;
				CLANG_WARN_OBJC_ROOT_CLASS = YES_ERROR;
				CLANG_WARN_RANGE_LOOP_ANALYSIS = YES;
				CLANG_WARN_STRICT_PROTOTYPES = YES;
				CLANG_WARN_SUSPICIOUS_MOVE = YES;
				CLANG_WARN_UNGUARDED_AVAILABILITY = YES_AGGRESSIVE;
				CLANG_WARN_UNREACHABLE_CODE = YES;
				CLANG_WARN__DUPLICATE_METHOD_MATCH = YES;
				CODE_SIGN_IDENTITY = "iPhone Developer";
				COPY_PHASE_STRIP = NO;
				DEBUG_INFORMATION_FORMAT = dwarf;
				ENABLE_STRICT_OBJC_MSGSEND = YES;
				ENABLE_TESTABILITY = YES;
				GCC_C_LANGUAGE_STANDARD = gnu11;
				GCC_DYNAMIC_NO_PIC = NO;
				GCC_NO_COMMON_BLOCKS = YES;
				GCC_OPTIMIZATION_LEVEL = 0;
				GCC_PREPROCESSOR_DEFINITIONS = (
					"DEBUG=1",
					"$(inherited)",
				);
				GCC_WARN_64_TO_32_BIT_CONVERSION = YES;
				GCC_WARN_ABOUT_RETURN_TYPE = YES_ERROR;
				GCC_WARN_UNDECLARED_SELECTOR = YES;
				GCC_WARN_UNINITIALIZED_AUTOS = YES_AGGRESSIVE;
				GCC_WARN_UNUSED_FUNCTION = YES;
				GCC_WARN_UNUSED_VARIABLE = YES;
				IPHONEOS_DEPLOYMENT_TARGET = 12.1;
				MTL_ENABLE_DEBUG_INFO = INCLUDE_SOURCE;
				MTL_FAST_MATH = YES;
				ONLY_ACTIVE_ARCH = YES;
				SDKROOT = iphoneos;
				SWIFT_ACTIVE_COMPILATION_CONDITIONS = DEBUG;
				SWIFT_OPTIMIZATION_LEVEL = "-Onone";
			};
			name = Debug;
		};
		D93D8CCB23DEA2B500E1476A /* Release */ = {
			isa = XCBuildConfiguration;
			buildSettings = {
				ALWAYS_SEARCH_USER_PATHS = NO;
				CLANG_ANALYZER_NONNULL = YES;
				CLANG_ANALYZER_NUMBER_OBJECT_CONVERSION = YES_AGGRESSIVE;
				CLANG_CXX_LANGUAGE_STANDARD = "gnu++14";
				CLANG_CXX_LIBRARY = "libc++";
				CLANG_ENABLE_MODULES = YES;
				CLANG_ENABLE_OBJC_ARC = YES;
				CLANG_ENABLE_OBJC_WEAK = YES;
				CLANG_WARN_BLOCK_CAPTURE_AUTORELEASING = YES;
				CLANG_WARN_BOOL_CONVERSION = YES;
				CLANG_WARN_COMMA = YES;
				CLANG_WARN_CONSTANT_CONVERSION = YES;
				CLANG_WARN_DEPRECATED_OBJC_IMPLEMENTATIONS = YES;
				CLANG_WARN_DIRECT_OBJC_ISA_USAGE = YES_ERROR;
				CLANG_WARN_DOCUMENTATION_COMMENTS = YES;
				CLANG_WARN_EMPTY_BODY = YES;
				CLANG_WARN_ENUM_CONVERSION = YES;
				CLANG_WARN_INFINITE_RECURSION = YES;
				CLANG_WARN_INT_CONVERSION = YES;
				CLANG_WARN_NON_LITERAL_NULL_CONVERSION = YES;
				CLANG_WARN_OBJC_IMPLICIT_RETAIN_SELF = YES;
				CLANG_WARN_OBJC_LITERAL_CONVERSION = YES;
				CLANG_WARN_OBJC_ROOT_CLASS = YES_ERROR;
				CLANG_WARN_RANGE_LOOP_ANALYSIS = YES;
				CLANG_WARN_STRICT_PROTOTYPES = YES;
				CLANG_WARN_SUSPICIOUS_MOVE = YES;
				CLANG_WARN_UNGUARDED_AVAILABILITY = YES_AGGRESSIVE;
				CLANG_WARN_UNREACHABLE_CODE = YES;
				CLANG_WARN__DUPLICATE_METHOD_MATCH = YES;
				CODE_SIGN_IDENTITY = "iPhone Developer";
				COPY_PHASE_STRIP = NO;
				DEBUG_INFORMATION_FORMAT = "dwarf-with-dsym";
				ENABLE_NS_ASSERTIONS = NO;
				ENABLE_STRICT_OBJC_MSGSEND = YES;
				GCC_C_LANGUAGE_STANDARD = gnu11;
				GCC_NO_COMMON_BLOCKS = YES;
				GCC_WARN_64_TO_32_BIT_CONVERSION = YES;
				GCC_WARN_ABOUT_RETURN_TYPE = YES_ERROR;
				GCC_WARN_UNDECLARED_SELECTOR = YES;
				GCC_WARN_UNINITIALIZED_AUTOS = YES_AGGRESSIVE;
				GCC_WARN_UNUSED_FUNCTION = YES;
				GCC_WARN_UNUSED_VARIABLE = YES;
				IPHONEOS_DEPLOYMENT_TARGET = 12.1;
				MTL_ENABLE_DEBUG_INFO = NO;
				MTL_FAST_MATH = YES;
				SDKROOT = iphoneos;
				SWIFT_COMPILATION_MODE = wholemodule;
				SWIFT_OPTIMIZATION_LEVEL = "-O";
				VALIDATE_PRODUCT = YES;
			};
			name = Release;
		};
		D93D8CCD23DEA2B500E1476A /* Debug */ = {
			isa = XCBuildConfiguration;
			baseConfigurationReference = 85F0CA933703534BDA0A3CD5 /* Pods-Rcwybtz.debug.xcconfig */;
			buildSettings = {
				ASSETCATALOG_COMPILER_APPICON_NAME = AppIcon;
				CODE_SIGN_STYLE = Automatic;
				DEVELOPMENT_TEAM = X557HAPU2P;
				INFOPLIST_FILE = Rcwybtz/Info.plist;
				LD_RUNPATH_SEARCH_PATHS = (
					"$(inherited)",
					"@executable_path/Frameworks",
				);
				PRODUCT_BUNDLE_IDENTIFIER = com.DiD.Rcwybtz;
				PRODUCT_NAME = "$(TARGET_NAME)";
				SWIFT_VERSION = 4.2;
				TARGETED_DEVICE_FAMILY = "1,2";
			};
			name = Debug;
		};
		D93D8CCE23DEA2B500E1476A /* Release */ = {
			isa = XCBuildConfiguration;
			baseConfigurationReference = B9EFC74D283B26AE73777D7B /* Pods-Rcwybtz.release.xcconfig */;
			buildSettings = {
				ASSETCATALOG_COMPILER_APPICON_NAME = AppIcon;
				CODE_SIGN_STYLE = Automatic;
				DEVELOPMENT_TEAM = X557HAPU2P;
				INFOPLIST_FILE = Rcwybtz/Info.plist;
				LD_RUNPATH_SEARCH_PATHS = (
					"$(inherited)",
					"@executable_path/Frameworks",
				);
				PRODUCT_BUNDLE_IDENTIFIER = com.DiD.Rcwybtz;
				PRODUCT_NAME = "$(TARGET_NAME)";
				SWIFT_VERSION = 4.2;
				TARGETED_DEVICE_FAMILY = "1,2";
			};
			name = Release;
		};
		D93D8CD023DEA2B500E1476A /* Debug */ = {
			isa = XCBuildConfiguration;
			baseConfigurationReference = C5D6727A47280E4EA0935A18 /* Pods-RcwybtzTests.debug.xcconfig */;
			buildSettings = {
				ALWAYS_EMBED_SWIFT_STANDARD_LIBRARIES = YES;
				BUNDLE_LOADER = "$(TEST_HOST)";
				CODE_SIGN_STYLE = Automatic;
				DEVELOPMENT_TEAM = X557HAPU2P;
				INFOPLIST_FILE = RcwybtzTests/Info.plist;
				LD_RUNPATH_SEARCH_PATHS = (
					"$(inherited)",
					"@executable_path/Frameworks",
					"@loader_path/Frameworks",
				);
				PRODUCT_BUNDLE_IDENTIFIER = com.DiD.RcwybtzTests;
				PRODUCT_NAME = "$(TARGET_NAME)";
				SWIFT_VERSION = 4.2;
				TARGETED_DEVICE_FAMILY = "1,2";
				TEST_HOST = "$(BUILT_PRODUCTS_DIR)/Rcwybtz.app/Rcwybtz";
			};
			name = Debug;
		};
		D93D8CD123DEA2B500E1476A /* Release */ = {
			isa = XCBuildConfiguration;
			baseConfigurationReference = F38335F08EAAA0F17F589AFE /* Pods-RcwybtzTests.release.xcconfig */;
			buildSettings = {
				ALWAYS_EMBED_SWIFT_STANDARD_LIBRARIES = YES;
				BUNDLE_LOADER = "$(TEST_HOST)";
				CODE_SIGN_STYLE = Automatic;
				DEVELOPMENT_TEAM = X557HAPU2P;
				INFOPLIST_FILE = RcwybtzTests/Info.plist;
				LD_RUNPATH_SEARCH_PATHS = (
					"$(inherited)",
					"@executable_path/Frameworks",
					"@loader_path/Frameworks",
				);
				PRODUCT_BUNDLE_IDENTIFIER = com.DiD.RcwybtzTests;
				PRODUCT_NAME = "$(TARGET_NAME)";
				SWIFT_VERSION = 4.2;
				TARGETED_DEVICE_FAMILY = "1,2";
				TEST_HOST = "$(BUILT_PRODUCTS_DIR)/Rcwybtz.app/Rcwybtz";
			};
			name = Release;
		};
/* End XCBuildConfiguration section */

/* Begin XCConfigurationList section */
		D93D8CAA23DEA2B300E1476A /* Build configuration list for PBXProject "Rcwybtz" */ = {
			isa = XCConfigurationList;
			buildConfigurations = (
				D93D8CCA23DEA2B500E1476A /* Debug */,
				D93D8CCB23DEA2B500E1476A /* Release */,
			);
			defaultConfigurationIsVisible = 0;
			defaultConfigurationName = Release;
		};
		D93D8CCC23DEA2B500E1476A /* Build configuration list for PBXNativeTarget "Rcwybtz" */ = {
			isa = XCConfigurationList;
			buildConfigurations = (
				D93D8CCD23DEA2B500E1476A /* Debug */,
				D93D8CCE23DEA2B500E1476A /* Release */,
			);
			defaultConfigurationIsVisible = 0;
			defaultConfigurationName = Release;
		};
		D93D8CCF23DEA2B500E1476A /* Build configuration list for PBXNativeTarget "RcwybtzTests" */ = {
			isa = XCConfigurationList;
			buildConfigurations = (
				D93D8CD023DEA2B500E1476A /* Debug */,
				D93D8CD123DEA2B500E1476A /* Release */,
			);
			defaultConfigurationIsVisible = 0;
			defaultConfigurationName = Release;
		};
/* End XCConfigurationList section */
	};
	rootObject = D93D8CA723DEA2B300E1476A /* Project object */;
}
